// !$*UTF8*$!
{
	archiveVersion = 1;
	classes = {
	};
	objectVersion = 56;
	objects = {

/* Begin PBXBuildFile section */
		0F2987F92B917AAB00D57A7E /* GoogleService-Info.plist in Resources */ = {isa = PBXBuildFile; fileRef = 0F2987F82B917AAB00D57A7E /* GoogleService-Info.plist */; };
		0F2987FC2B917ED600D57A7E /* FirebaseStorage in Frameworks */ = {isa = PBXBuildFile; productRef = 0F2987FB2B917ED600D57A7E /* FirebaseStorage */; };
		0F2987FE2B917EEC00D57A7E /* FirebaseAnalytics in Frameworks */ = {isa = PBXBuildFile; productRef = 0F2987FD2B917EEC00D57A7E /* FirebaseAnalytics */; };
		0F2988002B917EEC00D57A7E /* FirebaseAnalyticsOnDeviceConversion in Frameworks */ = {isa = PBXBuildFile; productRef = 0F2987FF2B917EEC00D57A7E /* FirebaseAnalyticsOnDeviceConversion */; };
		0F2988022B917EEC00D57A7E /* FirebaseAnalyticsSwift in Frameworks */ = {isa = PBXBuildFile; productRef = 0F2988012B917EEC00D57A7E /* FirebaseAnalyticsSwift */; };
		0F2988042B917EEC00D57A7E /* FirebaseAnalyticsWithoutAdIdSupport in Frameworks */ = {isa = PBXBuildFile; productRef = 0F2988032B917EEC00D57A7E /* FirebaseAnalyticsWithoutAdIdSupport */; };
		0F2988062B917EEC00D57A7E /* FirebaseAppCheck in Frameworks */ = {isa = PBXBuildFile; productRef = 0F2988052B917EEC00D57A7E /* FirebaseAppCheck */; };
		0F2988082B91807000D57A7E /* SignUpView.swift in Sources */ = {isa = PBXBuildFile; fileRef = 0F2988072B91807000D57A7E /* SignUpView.swift */; };
		0F29880A2B91809F00D57A7E /* AudioPicker.swift in Sources */ = {isa = PBXBuildFile; fileRef = 0F2988092B91809F00D57A7E /* AudioPicker.swift */; };
		0FD71D5F2B909E2D000217B7 /* audioApp.swift in Sources */ = {isa = PBXBuildFile; fileRef = 0FD71D5E2B909E2D000217B7 /* audioApp.swift */; };
		0FD71D612B909E2D000217B7 /* ContentView.swift in Sources */ = {isa = PBXBuildFile; fileRef = 0FD71D602B909E2D000217B7 /* ContentView.swift */; };
		0FD71D632B909E2E000217B7 /* Assets.xcassets in Resources */ = {isa = PBXBuildFile; fileRef = 0FD71D622B909E2E000217B7 /* Assets.xcassets */; };
		0FD71D662B909E2E000217B7 /* Preview Assets.xcassets in Resources */ = {isa = PBXBuildFile; fileRef = 0FD71D652B909E2E000217B7 /* Preview Assets.xcassets */; };
		0FD71D6D2B909E59000217B7 /* audio.swift in Sources */ = {isa = PBXBuildFile; fileRef = 0FD71D6C2B909E59000217B7 /* audio.swift */; };
		0FD71D702B909E93000217B7 /* FirebaseAnalytics in Frameworks */ = {isa = PBXBuildFile; productRef = 0FD71D6F2B909E93000217B7 /* FirebaseAnalytics */; };
		0FD71D722B909E93000217B7 /* FirebaseAnalyticsOnDeviceConversion in Frameworks */ = {isa = PBXBuildFile; productRef = 0FD71D712B909E93000217B7 /* FirebaseAnalyticsOnDeviceConversion */; };
		0FD71D742B909E93000217B7 /* FirebaseAnalyticsSwift in Frameworks */ = {isa = PBXBuildFile; productRef = 0FD71D732B909E93000217B7 /* FirebaseAnalyticsSwift */; };
		0FD71D762B909E93000217B7 /* FirebaseAnalyticsWithoutAdIdSupport in Frameworks */ = {isa = PBXBuildFile; productRef = 0FD71D752B909E93000217B7 /* FirebaseAnalyticsWithoutAdIdSupport */; };
		0FD71D782B909E93000217B7 /* FirebaseAppCheck in Frameworks */ = {isa = PBXBuildFile; productRef = 0FD71D772B909E93000217B7 /* FirebaseAppCheck */; };
		0FD71D7A2B909E93000217B7 /* FirebaseAppDistribution-Beta in Frameworks */ = {isa = PBXBuildFile; productRef = 0FD71D792B909E93000217B7 /* FirebaseAppDistribution-Beta */; };
		0FD71D7C2B909E93000217B7 /* FirebaseAuth in Frameworks */ = {isa = PBXBuildFile; productRef = 0FD71D7B2B909E93000217B7 /* FirebaseAuth */; };
		0FD71D7E2B909E93000217B7 /* FirebaseAuthCombine-Community in Frameworks */ = {isa = PBXBuildFile; productRef = 0FD71D7D2B909E93000217B7 /* FirebaseAuthCombine-Community */; };
		0FD71D802B909E93000217B7 /* FirebaseCrashlytics in Frameworks */ = {isa = PBXBuildFile; productRef = 0FD71D7F2B909E93000217B7 /* FirebaseCrashlytics */; };
		0FD71D822B909E93000217B7 /* FirebaseDatabase in Frameworks */ = {isa = PBXBuildFile; productRef = 0FD71D812B909E93000217B7 /* FirebaseDatabase */; };
/* End PBXBuildFile section */

/* Begin PBXFileReference section */
		0F2987F82B917AAB00D57A7E /* GoogleService-Info.plist */ = {isa = PBXFileReference; fileEncoding = 4; lastKnownFileType = text.plist.xml; path = "GoogleService-Info.plist"; sourceTree = "<group>"; };
		0F2988072B91807000D57A7E /* SignUpView.swift */ = {isa = PBXFileReference; lastKnownFileType = sourcecode.swift; path = SignUpView.swift; sourceTree = "<group>"; };
		0F2988092B91809F00D57A7E /* AudioPicker.swift */ = {isa = PBXFileReference; lastKnownFileType = sourcecode.swift; path = AudioPicker.swift; sourceTree = "<group>"; };
		0FD71D5B2B909E2D000217B7 /* audio.app */ = {isa = PBXFileReference; explicitFileType = wrapper.application; includeInIndex = 0; path = audio.app; sourceTree = BUILT_PRODUCTS_DIR; };
		0FD71D5E2B909E2D000217B7 /* audioApp.swift */ = {isa = PBXFileReference; lastKnownFileType = sourcecode.swift; path = audioApp.swift; sourceTree = "<group>"; };
		0FD71D602B909E2D000217B7 /* ContentView.swift */ = {isa = PBXFileReference; lastKnownFileType = sourcecode.swift; path = ContentView.swift; sourceTree = "<group>"; };
		0FD71D622B909E2E000217B7 /* Assets.xcassets */ = {isa = PBXFileReference; lastKnownFileType = folder.assetcatalog; path = Assets.xcassets; sourceTree = "<group>"; };
		0FD71D652B909E2E000217B7 /* Preview Assets.xcassets */ = {isa = PBXFileReference; lastKnownFileType = folder.assetcatalog; path = "Preview Assets.xcassets"; sourceTree = "<group>"; };
		0FD71D6C2B909E59000217B7 /* audio.swift */ = {isa = PBXFileReference; lastKnownFileType = sourcecode.swift; path = audio.swift; sourceTree = "<group>"; };
/* End PBXFileReference section */

/* Begin PBXFrameworksBuildPhase section */
		0FD71D582B909E2D000217B7 /* Frameworks */ = {
			isa = PBXFrameworksBuildPhase;
			buildActionMask = 2147483647;
			files = (
				0F2988062B917EEC00D57A7E /* FirebaseAppCheck in Frameworks */,
				0FD71D822B909E93000217B7 /* FirebaseDatabase in Frameworks */,
				0F2988042B917EEC00D57A7E /* FirebaseAnalyticsWithoutAdIdSupport in Frameworks */,
				0FD71D742B909E93000217B7 /* FirebaseAnalyticsSwift in Frameworks */,
				0F2987FE2B917EEC00D57A7E /* FirebaseAnalytics in Frameworks */,
				0F2988002B917EEC00D57A7E /* FirebaseAnalyticsOnDeviceConversion in Frameworks */,
				0F2988022B917EEC00D57A7E /* FirebaseAnalyticsSwift in Frameworks */,
				0FD71D702B909E93000217B7 /* FirebaseAnalytics in Frameworks */,
				0FD71D722B909E93000217B7 /* FirebaseAnalyticsOnDeviceConversion in Frameworks */,
				0FD71D782B909E93000217B7 /* FirebaseAppCheck in Frameworks */,
				0FD71D762B909E93000217B7 /* FirebaseAnalyticsWithoutAdIdSupport in Frameworks */,
				0FD71D7C2B909E93000217B7 /* FirebaseAuth in Frameworks */,
				0FD71D802B909E93000217B7 /* FirebaseCrashlytics in Frameworks */,
				0F2987FC2B917ED600D57A7E /* FirebaseStorage in Frameworks */,
				0FD71D7A2B909E93000217B7 /* FirebaseAppDistribution-Beta in Frameworks */,
				0FD71D7E2B909E93000217B7 /* FirebaseAuthCombine-Community in Frameworks */,
			);
			runOnlyForDeploymentPostprocessing = 0;
		};
/* End PBXFrameworksBuildPhase section */

/* Begin PBXGroup section */
		0F2987FA2B917ED600D57A7E /* Frameworks */ = {
			isa = PBXGroup;
			children = (
			);
			name = Frameworks;
			sourceTree = "<group>";
		};
		0FD71D522B909E2D000217B7 = {
			isa = PBXGroup;
			children = (
				0FD71D5D2B909E2D000217B7 /* audio */,
				0FD71D5C2B909E2D000217B7 /* Products */,
				0F2987FA2B917ED600D57A7E /* Frameworks */,
			);
			sourceTree = "<group>";
		};
		0FD71D5C2B909E2D000217B7 /* Products */ = {
			isa = PBXGroup;
			children = (
				0FD71D5B2B909E2D000217B7 /* audio.app */,
			);
			name = Products;
			sourceTree = "<group>";
		};
		0FD71D5D2B909E2D000217B7 /* audio */ = {
			isa = PBXGroup;
			children = (
				0FD71D5E2B909E2D000217B7 /* audioApp.swift */,
				0FD71D602B909E2D000217B7 /* ContentView.swift */,
				0F2988092B91809F00D57A7E /* AudioPicker.swift */,
				0F2988072B91807000D57A7E /* SignUpView.swift */,
				0FD71D6C2B909E59000217B7 /* audio.swift */,
				0FD71D622B909E2E000217B7 /* Assets.xcassets */,
				0F2987F82B917AAB00D57A7E /* GoogleService-Info.plist */,
				0FD71D642B909E2E000217B7 /* Preview Content */,
			);
			path = audio;
			sourceTree = "<group>";
		};
		0FD71D642B909E2E000217B7 /* Preview Content */ = {
			isa = PBXGroup;
			children = (
				0FD71D652B909E2E000217B7 /* Preview Assets.xcassets */,
			);
			path = "Preview Content";
			sourceTree = "<group>";
		};
/* End PBXGroup section */

/* Begin PBXNativeTarget section */
		0FD71D5A2B909E2D000217B7 /* audio */ = {
			isa = PBXNativeTarget;
			buildConfigurationList = 0FD71D692B909E2E000217B7 /* Build configuration list for PBXNativeTarget "audio" */;
			buildPhases = (
				0FD71D572B909E2D000217B7 /* Sources */,
				0FD71D582B909E2D000217B7 /* Frameworks */,
				0FD71D592B909E2D000217B7 /* Resources */,
			);
			buildRules = (
			);
			dependencies = (
			);
			name = audio;
			packageProductDependencies = (
				0FD71D6F2B909E93000217B7 /* FirebaseAnalytics */,
				0FD71D712B909E93000217B7 /* FirebaseAnalyticsOnDeviceConversion */,
				0FD71D732B909E93000217B7 /* FirebaseAnalyticsSwift */,
				0FD71D752B909E93000217B7 /* FirebaseAnalyticsWithoutAdIdSupport */,
				0FD71D772B909E93000217B7 /* FirebaseAppCheck */,
				0FD71D792B909E93000217B7 /* FirebaseAppDistribution-Beta */,
				0FD71D7B2B909E93000217B7 /* FirebaseAuth */,
				0FD71D7D2B909E93000217B7 /* FirebaseAuthCombine-Community */,
				0FD71D7F2B909E93000217B7 /* FirebaseCrashlytics */,
				0FD71D812B909E93000217B7 /* FirebaseDatabase */,
				0F2987FB2B917ED600D57A7E /* FirebaseStorage */,
				0F2987FD2B917EEC00D57A7E /* FirebaseAnalytics */,
				0F2987FF2B917EEC00D57A7E /* FirebaseAnalyticsOnDeviceConversion */,
				0F2988012B917EEC00D57A7E /* FirebaseAnalyticsSwift */,
				0F2988032B917EEC00D57A7E /* FirebaseAnalyticsWithoutAdIdSupport */,
				0F2988052B917EEC00D57A7E /* FirebaseAppCheck */,
			);
			productName = audio;
			productReference = 0FD71D5B2B909E2D000217B7 /* audio.app */;
			productType = "com.apple.product-type.application";
		};
/* End PBXNativeTarget section */

/* Begin PBXProject section */
		0FD71D532B909E2D000217B7 /* Project object */ = {
			isa = PBXProject;
			attributes = {
				BuildIndependentTargetsInParallel = 1;
				LastSwiftUpdateCheck = 1520;
				LastUpgradeCheck = 1520;
				TargetAttributes = {
					0FD71D5A2B909E2D000217B7 = {
						CreatedOnToolsVersion = 15.2;
					};
				};
			};
			buildConfigurationList = 0FD71D562B909E2D000217B7 /* Build configuration list for PBXProject "audio" */;
			compatibilityVersion = "Xcode 14.0";
			developmentRegion = en;
			hasScannedForEncodings = 0;
			knownRegions = (
				en,
				Base,
			);
			mainGroup = 0FD71D522B909E2D000217B7;
			packageReferences = (
				0FD71D6E2B909E93000217B7 /* XCRemoteSwiftPackageReference "firebase-ios-sdk" */,
			);
			productRefGroup = 0FD71D5C2B909E2D000217B7 /* Products */;
			projectDirPath = "";
			projectRoot = "";
			targets = (
				0FD71D5A2B909E2D000217B7 /* audio */,
			);
		};
/* End PBXProject section */

/* Begin PBXResourcesBuildPhase section */
		0FD71D592B909E2D000217B7 /* Resources */ = {
			isa = PBXResourcesBuildPhase;
			buildActionMask = 2147483647;
			files = (
				0FD71D662B909E2E000217B7 /* Preview Assets.xcassets in Resources */,
				0FD71D632B909E2E000217B7 /* Assets.xcassets in Resources */,
				0F2987F92B917AAB00D57A7E /* GoogleService-Info.plist in Resources */,
			);
			runOnlyForDeploymentPostprocessing = 0;
		};
/* End PBXResourcesBuildPhase section */

/* Begin PBXSourcesBuildPhase section */
		0FD71D572B909E2D000217B7 /* Sources */ = {
			isa = PBXSourcesBuildPhase;
			buildActionMask = 2147483647;
			files = (
				0F2988082B91807000D57A7E /* SignUpView.swift in Sources */,
				0FD71D612B909E2D000217B7 /* ContentView.swift in Sources */,
				0FD71D6D2B909E59000217B7 /* audio.swift in Sources */,
				0FD71D5F2B909E2D000217B7 /* audioApp.swift in Sources */,
				0F29880A2B91809F00D57A7E /* AudioPicker.swift in Sources */,
			);
			runOnlyForDeploymentPostprocessing = 0;
		};
/* End PBXSourcesBuildPhase section */

/* Begin XCBuildConfiguration section */
		0FD71D672B909E2E000217B7 /* Debug */ = {
			isa = XCBuildConfiguration;
			buildSettings = {
				ALWAYS_SEARCH_USER_PATHS = NO;
				ASSETCATALOG_COMPILER_GENERATE_SWIFT_ASSET_SYMBOL_EXTENSIONS = YES;
				CLANG_ANALYZER_NONNULL = YES;
				CLANG_ANALYZER_NUMBER_OBJECT_CONVERSION = YES_AGGRESSIVE;
				CLANG_CXX_LANGUAGE_STANDARD = "gnu++20";
				CLANG_ENABLE_MODULES = YES;
				CLANG_ENABLE_OBJC_ARC = YES;
				CLANG_ENABLE_OBJC_WEAK = YES;
				CLANG_WARN_BLOCK_CAPTURE_AUTORELEASING = YES;
				CLANG_WARN_BOOL_CONVERSION = YES;
				CLANG_WARN_COMMA = YES;
				CLANG_WARN_CONSTANT_CONVERSION = YES;
				CLANG_WARN_DEPRECATED_OBJC_IMPLEMENTATIONS = YES;
				CLANG_WARN_DIRECT_OBJC_ISA_USAGE = YES_ERROR;
				CLANG_WARN_DOCUMENTATION_COMMENTS = YES;
				CLANG_WARN_EMPTY_BODY = YES;
				CLANG_WARN_ENUM_CONVERSION = YES;
				CLANG_WARN_INFINITE_RECURSION = YES;
				CLANG_WARN_INT_CONVERSION = YES;
				CLANG_WARN_NON_LITERAL_NULL_CONVERSION = YES;
				CLANG_WARN_OBJC_IMPLICIT_RETAIN_SELF = YES;
				CLANG_WARN_OBJC_LITERAL_CONVERSION = YES;
				CLANG_WARN_OBJC_ROOT_CLASS = YES_ERROR;
				CLANG_WARN_QUOTED_INCLUDE_IN_FRAMEWORK_HEADER = YES;
				CLANG_WARN_RANGE_LOOP_ANALYSIS = YES;
				CLANG_WARN_STRICT_PROTOTYPES = YES;
				CLANG_WARN_SUSPICIOUS_MOVE = YES;
				CLANG_WARN_UNGUARDED_AVAILABILITY = YES_AGGRESSIVE;
				CLANG_WARN_UNREACHABLE_CODE = YES;
				CLANG_WARN__DUPLICATE_METHOD_MATCH = YES;
				COPY_PHASE_STRIP = NO;
				DEBUG_INFORMATION_FORMAT = dwarf;
				ENABLE_STRICT_OBJC_MSGSEND = YES;
				ENABLE_TESTABILITY = YES;
				ENABLE_USER_SCRIPT_SANDBOXING = YES;
				GCC_C_LANGUAGE_STANDARD = gnu17;
				GCC_DYNAMIC_NO_PIC = NO;
				GCC_NO_COMMON_BLOCKS = YES;
				GCC_OPTIMIZATION_LEVEL = 0;
				GCC_PREPROCESSOR_DEFINITIONS = (
					"DEBUG=1",
					"$(inherited)",
				);
				GCC_WARN_64_TO_32_BIT_CONVERSION = YES;
				GCC_WARN_ABOUT_RETURN_TYPE = YES_ERROR;
				GCC_WARN_UNDECLARED_SELECTOR = YES;
				GCC_WARN_UNINITIALIZED_AUTOS = YES_AGGRESSIVE;
				GCC_WARN_UNUSED_FUNCTION = YES;
				GCC_WARN_UNUSED_VARIABLE = YES;
				IPHONEOS_DEPLOYMENT_TARGET = 17.2;
				LOCALIZATION_PREFERS_STRING_CATALOGS = YES;
				MTL_ENABLE_DEBUG_INFO = INCLUDE_SOURCE;
				MTL_FAST_MATH = YES;
				ONLY_ACTIVE_ARCH = YES;
				SDKROOT = iphoneos;
				SWIFT_ACTIVE_COMPILATION_CONDITIONS = "DEBUG $(inherited)";
				SWIFT_OPTIMIZATION_LEVEL = "-Onone";
			};
			name = Debug;
		};
		0FD71D682B909E2E000217B7 /* Release */ = {
			isa = XCBuildConfiguration;
			buildSettings = {
				ALWAYS_SEARCH_USER_PATHS = NO;
				ASSETCATALOG_COMPILER_GENERATE_SWIFT_ASSET_SYMBOL_EXTENSIONS = YES;
				CLANG_ANALYZER_NONNULL = YES;
				CLANG_ANALYZER_NUMBER_OBJECT_CONVERSION = YES_AGGRESSIVE;
				CLANG_CXX_LANGUAGE_STANDARD = "gnu++20";
				CLANG_ENABLE_MODULES = YES;
				CLANG_ENABLE_OBJC_ARC = YES;
				CLANG_ENABLE_OBJC_WEAK = YES;
				CLANG_WARN_BLOCK_CAPTURE_AUTORELEASING = YES;
				CLANG_WARN_BOOL_CONVERSION = YES;
				CLANG_WARN_COMMA = YES;
				CLANG_WARN_CONSTANT_CONVERSION = YES;
				CLANG_WARN_DEPRECATED_OBJC_IMPLEMENTATIONS = YES;
				CLANG_WARN_DIRECT_OBJC_ISA_USAGE = YES_ERROR;
				CLANG_WARN_DOCUMENTATION_COMMENTS = YES;
				CLANG_WARN_EMPTY_BODY = YES;
				CLANG_WARN_ENUM_CONVERSION = YES;
				CLANG_WARN_INFINITE_RECURSION = YES;
				CLANG_WARN_INT_CONVERSION = YES;
				CLANG_WARN_NON_LITERAL_NULL_CONVERSION = YES;
				CLANG_WARN_OBJC_IMPLICIT_RETAIN_SELF = YES;
				CLANG_WARN_OBJC_LITERAL_CONVERSION = YES;
				CLANG_WARN_OBJC_ROOT_CLASS = YES_ERROR;
				CLANG_WARN_QUOTED_INCLUDE_IN_FRAMEWORK_HEADER = YES;
				CLANG_WARN_RANGE_LOOP_ANALYSIS = YES;
				CLANG_WARN_STRICT_PROTOTYPES = YES;
				CLANG_WARN_SUSPICIOUS_MOVE = YES;
				CLANG_WARN_UNGUARDED_AVAILABILITY = YES_AGGRESSIVE;
				CLANG_WARN_UNREACHABLE_CODE = YES;
				CLANG_WARN__DUPLICATE_METHOD_MATCH = YES;
				COPY_PHASE_STRIP = NO;
				DEBUG_INFORMATION_FORMAT = "dwarf-with-dsym";
				ENABLE_NS_ASSERTIONS = NO;
				ENABLE_STRICT_OBJC_MSGSEND = YES;
				ENABLE_USER_SCRIPT_SANDBOXING = YES;
				GCC_C_LANGUAGE_STANDARD = gnu17;
				GCC_NO_COMMON_BLOCKS = YES;
				GCC_WARN_64_TO_32_BIT_CONVERSION = YES;
				GCC_WARN_ABOUT_RETURN_TYPE = YES_ERROR;
				GCC_WARN_UNDECLARED_SELECTOR = YES;
				GCC_WARN_UNINITIALIZED_AUTOS = YES_AGGRESSIVE;
				GCC_WARN_UNUSED_FUNCTION = YES;
				GCC_WARN_UNUSED_VARIABLE = YES;
				IPHONEOS_DEPLOYMENT_TARGET = 17.2;
				LOCALIZATION_PREFERS_STRING_CATALOGS = YES;
				MTL_ENABLE_DEBUG_INFO = NO;
				MTL_FAST_MATH = YES;
				SDKROOT = iphoneos;
				SWIFT_COMPILATION_MODE = wholemodule;
				VALIDATE_PRODUCT = YES;
			};
			name = Release;
		};
		0FD71D6A2B909E2E000217B7 /* Debug */ = {
			isa = XCBuildConfiguration;
			buildSettings = {
				ASSETCATALOG_COMPILER_APPICON_NAME = AppIcon;
				ASSETCATALOG_COMPILER_GLOBAL_ACCENT_COLOR_NAME = AccentColor;
				CODE_SIGN_STYLE = Automatic;
				CURRENT_PROJECT_VERSION = 1;
				DEVELOPMENT_ASSET_PATHS = "\"audio/Preview Content\"";
				DEVELOPMENT_TEAM = HUZQ9Z529P;
				ENABLE_PREVIEWS = YES;
				GENERATE_INFOPLIST_FILE = YES;
				INFOPLIST_KEY_UIApplicationSceneManifest_Generation = YES;
				INFOPLIST_KEY_UIApplicationSupportsIndirectInputEvents = YES;
				INFOPLIST_KEY_UILaunchScreen_Generation = YES;
				INFOPLIST_KEY_UISupportedInterfaceOrientations_iPad = "UIInterfaceOrientationPortrait UIInterfaceOrientationPortraitUpsideDown UIInterfaceOrientationLandscapeLeft UIInterfaceOrientationLandscapeRight";
				INFOPLIST_KEY_UISupportedInterfaceOrientations_iPhone = "UIInterfaceOrientationPortrait UIInterfaceOrientationLandscapeLeft UIInterfaceOrientationLandscapeRight";
				LD_RUNPATH_SEARCH_PATHS = (
					"$(inherited)",
					"@executable_path/Frameworks",
				);
				MARKETING_VERSION = 1.0;
				PRODUCT_BUNDLE_IDENTIFIER = in.edu.srmist.audio;
				PRODUCT_NAME = "$(TARGET_NAME)";
				SWIFT_EMIT_LOC_STRINGS = YES;
				SWIFT_VERSION = 5.0;
				TARGETED_DEVICE_FAMILY = "1,2";
			};
			name = Debug;
		};
		0FD71D6B2B909E2E000217B7 /* Release */ = {
			isa = XCBuildConfiguration;
			buildSettings = {
				ASSETCATALOG_COMPILER_APPICON_NAME = AppIcon;
				ASSETCATALOG_COMPILER_GLOBAL_ACCENT_COLOR_NAME = AccentColor;
				CODE_SIGN_STYLE = Automatic;
				CURRENT_PROJECT_VERSION = 1;
				DEVELOPMENT_ASSET_PATHS = "\"audio/Preview Content\"";
				DEVELOPMENT_TEAM = HUZQ9Z529P;
				ENABLE_PREVIEWS = YES;
				GENERATE_INFOPLIST_FILE = YES;
				INFOPLIST_KEY_UIApplicationSceneManifest_Generation = YES;
				INFOPLIST_KEY_UIApplicationSupportsIndirectInputEvents = YES;
				INFOPLIST_KEY_UILaunchScreen_Generation = YES;
				INFOPLIST_KEY_UISupportedInterfaceOrientations_iPad = "UIInterfaceOrientationPortrait UIInterfaceOrientationPortraitUpsideDown UIInterfaceOrientationLandscapeLeft UIInterfaceOrientationLandscapeRight";
				INFOPLIST_KEY_UISupportedInterfaceOrientations_iPhone = "UIInterfaceOrientationPortrait UIInterfaceOrientationLandscapeLeft UIInterfaceOrientationLandscapeRight";
				LD_RUNPATH_SEARCH_PATHS = (
					"$(inherited)",
					"@executable_path/Frameworks",
				);
				MARKETING_VERSION = 1.0;
				PRODUCT_BUNDLE_IDENTIFIER = in.edu.srmist.audio;
				PRODUCT_NAME = "$(TARGET_NAME)";
				SWIFT_EMIT_LOC_STRINGS = YES;
				SWIFT_VERSION = 5.0;
				TARGETED_DEVICE_FAMILY = "1,2";
			};
			name = Release;
		};
/* End XCBuildConfiguration section */

/* Begin XCConfigurationList section */
		0FD71D562B909E2D000217B7 /* Build configuration list for PBXProject "audio" */ = {
			isa = XCConfigurationList;
			buildConfigurations = (
				0FD71D672B909E2E000217B7 /* Debug */,
				0FD71D682B909E2E000217B7 /* Release */,
			);
			defaultConfigurationIsVisible = 0;
			defaultConfigurationName = Release;
		};
		0FD71D692B909E2E000217B7 /* Build configuration list for PBXNativeTarget "audio" */ = {
			isa = XCConfigurationList;
			buildConfigurations = (
				0FD71D6A2B909E2E000217B7 /* Debug */,
				0FD71D6B2B909E2E000217B7 /* Release */,
			);
			defaultConfigurationIsVisible = 0;
			defaultConfigurationName = Release;
		};
/* End XCConfigurationList section */

/* Begin XCRemoteSwiftPackageReference section */
		0FD71D6E2B909E93000217B7 /* XCRemoteSwiftPackageReference "firebase-ios-sdk" */ = {
			isa = XCRemoteSwiftPackageReference;
			repositoryURL = "https://github.com/firebase/firebase-ios-sdk.git";
			requirement = {
				kind = upToNextMajorVersion;
				minimumVersion = 10.21.0;
			};
		};
/* End XCRemoteSwiftPackageReference section */

/* Begin XCSwiftPackageProductDependency section */
		0F2987FB2B917ED600D57A7E /* FirebaseStorage */ = {
			isa = XCSwiftPackageProductDependency;
			package = 0FD71D6E2B909E93000217B7 /* XCRemoteSwiftPackageReference "firebase-ios-sdk" */;
			productName = FirebaseStorage;
		};
		0F2987FD2B917EEC00D57A7E /* FirebaseAnalytics */ = {
			isa = XCSwiftPackageProductDependency;
			package = 0FD71D6E2B909E93000217B7 /* XCRemoteSwiftPackageReference "firebase-ios-sdk" */;
			productName = FirebaseAnalytics;
		};
		0F2987FF2B917EEC00D57A7E /* FirebaseAnalyticsOnDeviceConversion */ = {
			isa = XCSwiftPackageProductDependency;
			package = 0FD71D6E2B909E93000217B7 /* XCRemoteSwiftPackageReference "firebase-ios-sdk" */;
			productName = FirebaseAnalyticsOnDeviceConversion;
		};
		0F2988012B917EEC00D57A7E /* FirebaseAnalyticsSwift */ = {
			isa = XCSwiftPackageProductDependency;
			package = 0FD71D6E2B909E93000217B7 /* XCRemoteSwiftPackageReference "firebase-ios-sdk" */;
			productName = FirebaseAnalyticsSwift;
		};
		0F2988032B917EEC00D57A7E /* FirebaseAnalyticsWithoutAdIdSupport */ = {
			isa = XCSwiftPackageProductDependency;
			package = 0FD71D6E2B909E93000217B7 /* XCRemoteSwiftPackageReference "firebase-ios-sdk" */;
			productName = FirebaseAnalyticsWithoutAdIdSupport;
		};
		0F2988052B917EEC00D57A7E /* FirebaseAppCheck */ = {
			isa = XCSwiftPackageProductDependency;
			package = 0FD71D6E2B909E93000217B7 /* XCRemoteSwiftPackageReference "firebase-ios-sdk" */;
			productName = FirebaseAppCheck;
		};
		0FD71D6F2B909E93000217B7 /* FirebaseAnalytics */ = {
			isa = XCSwiftPackageProductDependency;
			package = 0FD71D6E2B909E93000217B7 /* XCRemoteSwiftPackageReference "firebase-ios-sdk" */;
			productName = FirebaseAnalytics;
		};
		0FD71D712B909E93000217B7 /* FirebaseAnalyticsOnDeviceConversion */ = {
			isa = XCSwiftPackageProductDependency;
			package = 0FD71D6E2B909E93000217B7 /* XCRemoteSwiftPackageReference "firebase-ios-sdk" */;
			productName = FirebaseAnalyticsOnDeviceConversion;
		};
		0FD71D732B909E93000217B7 /* FirebaseAnalyticsSwift */ = {
			isa = XCSwiftPackageProductDependency;
			package = 0FD71D6E2B909E93000217B7 /* XCRemoteSwiftPackageReference "firebase-ios-sdk" */;
			productName = FirebaseAnalyticsSwift;
		};
		0FD71D752B909E93000217B7 /* FirebaseAnalyticsWithoutAdIdSupport */ = {
			isa = XCSwiftPackageProductDependency;
			package = 0FD71D6E2B909E93000217B7 /* XCRemoteSwiftPackageReference "firebase-ios-sdk" */;
			productName = FirebaseAnalyticsWithoutAdIdSupport;
		};
		0FD71D772B909E93000217B7 /* FirebaseAppCheck */ = {
			isa = XCSwiftPackageProductDependency;
			package = 0FD71D6E2B909E93000217B7 /* XCRemoteSwiftPackageReference "firebase-ios-sdk" */;
			productName = FirebaseAppCheck;
		};
		0FD71D792B909E93000217B7 /* FirebaseAppDistribution-Beta */ = {
			isa = XCSwiftPackageProductDependency;
			package = 0FD71D6E2B909E93000217B7 /* XCRemoteSwiftPackageReference "firebase-ios-sdk" */;
			productName = "FirebaseAppDistribution-Beta";
		};
		0FD71D7B2B909E93000217B7 /* FirebaseAuth */ = {
			isa = XCSwiftPackageProductDependency;
			package = 0FD71D6E2B909E93000217B7 /* XCRemoteSwiftPackageReference "firebase-ios-sdk" */;
			productName = FirebaseAuth;
		};
		0FD71D7D2B909E93000217B7 /* FirebaseAuthCombine-Community */ = {
			isa = XCSwiftPackageProductDependency;
			package = 0FD71D6E2B909E93000217B7 /* XCRemoteSwiftPackageReference "firebase-ios-sdk" */;
			productName = "FirebaseAuthCombine-Community";
		};
		0FD71D7F2B909E93000217B7 /* FirebaseCrashlytics */ = {
			isa = XCSwiftPackageProductDependency;
			package = 0FD71D6E2B909E93000217B7 /* XCRemoteSwiftPackageReference "firebase-ios-sdk" */;
			productName = FirebaseCrashlytics;
		};
		0FD71D812B909E93000217B7 /* FirebaseDatabase */ = {
			isa = XCSwiftPackageProductDependency;
			package = 0FD71D6E2B909E93000217B7 /* XCRemoteSwiftPackageReference "firebase-ios-sdk" */;
			productName = FirebaseDatabase;
		};
/* End XCSwiftPackageProductDependency section */
	};
	rootObject = 0FD71D532B909E2D000217B7 /* Project object */;
}
